
Microsoft Visual Studio Solution File, Format Version 12.00
# Visual Studio Version 17
VisualStudioVersion = 17.4.33403.182
MinimumVisualStudioVersion = 10.0.40219.1
Project("{FAE04EC0-301F-11D3-BF4B-00C04F79EFBC}") = "BlazorMongoDbTraining.Server", "BlazorMongoDbTraining\Server\BlazorMongoDbTraining.Server.csproj", "{AB0E0D78-058F-4C9D-8573-0841F03F2FF5}"
EndProject
Project("{FAE04EC0-301F-11D3-BF4B-00C04F79EFBC}") = "BlazorMongoDbTraining.Client", "BlazorMongoDbTraining\Client\BlazorMongoDbTraining.Client.csproj", "{D670846E-F46D-40B9-882E-D5C8F0F831C6}"
EndProject
Project("{FAE04EC0-301F-11D3-BF4B-00C04F79EFBC}") = "BlazorMongoDbTraining.Shared", "BlazorMongoDbTraining\Shared\BlazorMongoDbTraining.Shared.csproj", "{841E59D0-AAF4-4D79-AECF-692994740A12}"
EndProject
Global
	GlobalSection(SolutionConfigurationPlatforms) = preSolution
		Debug|Any CPU = Debug|Any CPU
		Release|Any CPU = Release|Any CPU
	EndGlobalSection
	GlobalSection(ProjectConfigurationPlatforms) = postSolution
		{AB0E0D78-058F-4C9D-8573-0841F03F2FF5}.Debug|Any CPU.ActiveCfg = Debug|Any CPU
		{AB0E0D78-058F-4C9D-8573-0841F03F2FF5}.Debug|Any CPU.Build.0 = Debug|Any CPU
		{AB0E0D78-058F-4C9D-8573-0841F03F2FF5}.Release|Any CPU.ActiveCfg = Release|Any CPU
		{AB0E0D78-058F-4C9D-8573-0841F03F2FF5}.Release|Any CPU.Build.0 = Release|Any CPU
		{D670846E-F46D-40B9-882E-D5C8F0F831C6}.Debug|Any CPU.ActiveCfg = Debug|Any CPU
		{D670846E-F46D-40B9-882E-D5C8F0F831C6}.Debug|Any CPU.Build.0 = Debug|Any CPU
		{D670846E-F46D-40B9-882E-D5C8F0F831C6}.Release|Any CPU.ActiveCfg = Release|Any CPU
		{D670846E-F46D-40B9-882E-D5C8F0F831C6}.Release|Any CPU.Build.0 = Release|Any CPU
		{841E59D0-AAF4-4D79-AECF-692994740A12}.Debug|Any CPU.ActiveCfg = Debug|Any CPU
		{841E59D0-AAF4-4D79-AECF-692994740A12}.Debug|Any CPU.Build.0 = Debug|Any CPU
		{841E59D0-AAF4-4D79-AECF-692994740A12}.Release|Any CPU.ActiveCfg = Release|Any CPU
		{841E59D0-AAF4-4D79-AECF-692994740A12}.Release|Any CPU.Build.0 = Release|Any CPU
	EndGlobalSection
	GlobalSection(SolutionProperties) = preSolution
		HideSolutionNode = FALSE
	EndGlobalSection
	GlobalSection(ExtensibilityGlobals) = postSolution
		SolutionGuid = {4173542D-3577-4C26-954F-311148316A61}
	EndGlobalSection
EndGlobal
