
Microsoft Visual Studio Solution File, Format Version 12.00
# Visual Studio Version 17
VisualStudioVersion = 17.4.33403.182
MinimumVisualStudioVersion = 10.0.40219.1
Project("{9A19103F-16F7-4668-BE54-9A1E7A4F7556}") = "WebbLabb2RestApi.Server", "WebbLabb2RestApi\Server\WebbLabb2RestApi.Server.csproj", "{4C7CBEA9-9C74-49AA-B48C-CB3EA86A43E1}"
EndProject
Project("{9A19103F-16F7-4668-BE54-9A1E7A4F7556}") = "WebbLabb2RestApi.Client", "WebbLabb2RestApi\Client\WebbLabb2RestApi.Client.csproj", "{C4861CD4-5252-44F8-B533-E846076CFED5}"
EndProject
Project("{9A19103F-16F7-4668-BE54-9A1E7A4F7556}") = "WebbLabb2RestApi.Shared", "WebbLabb2RestApi\Shared\WebbLabb2RestApi.Shared.csproj", "{B6C2F098-9126-4011-BA08-93185D479988}"
EndProject
Project("{9A19103F-16F7-4668-BE54-9A1E7A4F7556}") = "WebbLabb2RestApi.DataAccess", "WebbLabb2RestApi.DataAccess\WebbLabb2RestApi.DataAccess.csproj", "{64D16163-9E8B-44E3-B3D4-1CF1C4A657CA}"
EndProject
Project("{FAE04EC0-301F-11D3-BF4B-00C04F79EFBC}") = "WebbLabb2RestApi.DataAccess.Sql", "WebbLabb2RestApi.DataAccess.Sql\WebbLabb2RestApi.DataAccess.Sql.csproj", "{444955FF-4479-4290-BA70-D7B075169F03}"
EndProject
Global
	GlobalSection(SolutionConfigurationPlatforms) = preSolution
		Debug|Any CPU = Debug|Any CPU
		Release|Any CPU = Release|Any CPU
	EndGlobalSection
	GlobalSection(ProjectConfigurationPlatforms) = postSolution
		{4C7CBEA9-9C74-49AA-B48C-CB3EA86A43E1}.Debug|Any CPU.ActiveCfg = Debug|Any CPU
		{4C7CBEA9-9C74-49AA-B48C-CB3EA86A43E1}.Debug|Any CPU.Build.0 = Debug|Any CPU
		{4C7CBEA9-9C74-49AA-B48C-CB3EA86A43E1}.Release|Any CPU.ActiveCfg = Release|Any CPU
		{4C7CBEA9-9C74-49AA-B48C-CB3EA86A43E1}.Release|Any CPU.Build.0 = Release|Any CPU
		{C4861CD4-5252-44F8-B533-E846076CFED5}.Debug|Any CPU.ActiveCfg = Debug|Any CPU
		{C4861CD4-5252-44F8-B533-E846076CFED5}.Debug|Any CPU.Build.0 = Debug|Any CPU
		{C4861CD4-5252-44F8-B533-E846076CFED5}.Release|Any CPU.ActiveCfg = Release|Any CPU
		{C4861CD4-5252-44F8-B533-E846076CFED5}.Release|Any CPU.Build.0 = Release|Any CPU
		{B6C2F098-9126-4011-BA08-93185D479988}.Debug|Any CPU.ActiveCfg = Debug|Any CPU
		{B6C2F098-9126-4011-BA08-93185D479988}.Debug|Any CPU.Build.0 = Debug|Any CPU
		{B6C2F098-9126-4011-BA08-93185D479988}.Release|Any CPU.ActiveCfg = Release|Any CPU
		{B6C2F098-9126-4011-BA08-93185D479988}.Release|Any CPU.Build.0 = Release|Any CPU
		{64D16163-9E8B-44E3-B3D4-1CF1C4A657CA}.Debug|Any CPU.ActiveCfg = Debug|Any CPU
		{64D16163-9E8B-44E3-B3D4-1CF1C4A657CA}.Debug|Any CPU.Build.0 = Debug|Any CPU
		{64D16163-9E8B-44E3-B3D4-1CF1C4A657CA}.Release|Any CPU.ActiveCfg = Release|Any CPU
		{64D16163-9E8B-44E3-B3D4-1CF1C4A657CA}.Release|Any CPU.Build.0 = Release|Any CPU
		{444955FF-4479-4290-BA70-D7B075169F03}.Debug|Any CPU.ActiveCfg = Debug|Any CPU
		{444955FF-4479-4290-BA70-D7B075169F03}.Debug|Any CPU.Build.0 = Debug|Any CPU
		{444955FF-4479-4290-BA70-D7B075169F03}.Release|Any CPU.ActiveCfg = Release|Any CPU
		{444955FF-4479-4290-BA70-D7B075169F03}.Release|Any CPU.Build.0 = Release|Any CPU
	EndGlobalSection
	GlobalSection(SolutionProperties) = preSolution
		HideSolutionNode = FALSE
	EndGlobalSection
	GlobalSection(ExtensibilityGlobals) = postSolution
		SolutionGuid = {A9B7ECBF-4B27-45EC-99B6-70BB9E4F15AA}
	EndGlobalSection
EndGlobal
